# Generated by pub
# See http://pub.dartlang.org/doc/glossary.html#lockfile
packages:
  appengine:
    description:
      ref: "v0.1"
      resolved-ref: "6ca8d389e950a1ade508ffd9ba934fe0d6a70155"
      url: "https://github.com/dart-lang/appengine"
    source: git
    version: "0.1.0"
  cloud_datastore:
    description:
      ref: "v0.1"
      resolved-ref: "26bec0d015e0417a8a45c9e189980ae5bf50fc55"
      url: "https://github.com/dart-lang/cloud_datastore"
    source: git
    version: "0.1.0"
  crypto:
    description: crypto
    source: hosted
    version: "0.9.0"
  fixnum:
    description: fixnum
    source: hosted
    version: "0.9.0"
  http_server:
    description: http_server
    source: hosted
    version: "0.9.3"
  memcache:
    description:
      ref: "v0.1"
      resolved-ref: "43d2011af4f07abd201bb530cd7c7537b97e5dbc"
      url: "https://github.com/dart-lang/memcache"
    source: git
    version: "0.1.0"
  mime:
    description: mime
    source: hosted
    version: "0.9.0+3"
  mustache:
    description: mustache
    source: hosted
    version: "0.1.8"
  path:
    description: path
    source: hosted
    version: "1.2.2"
  protobuf:
    description: protobuf
    source: hosted
    version: "0.3.3+1"
